
Microsoft Visual Studio Solution File, Format Version 12.00
# Visual Studio Version 16
VisualStudioVersion = 16.0.30225.117
MinimumVisualStudioVersion = 10.0.40219.1
Project("{FAE04EC0-301F-11D3-BF4B-00C04F79EFBC}") = "TempWorker", "TempWorker\TempWorker.csproj", "{BB56139B-9FF5-4028-8AEE-7BD0F94427EB}"
EndProject
Project("{FAE04EC0-301F-11D3-BF4B-00C04F79EFBC}") = "SunnyUI", "SunnyUI\SunnyUI.csproj", "{AB1CB247-E20B-4CBE-B269-570ADDD96C53}"
EndProject
Project("{FAE04EC0-301F-11D3-BF4B-00C04F79EFBC}") = "My", "My\My.csproj", "{9A7E4073-14C7-48BB-BE9E-D4F840FE57E8}"
EndProject
Project("{2150E333-8FDC-42A3-9474-1A3956D46DE8}") = "image", "image", "{7AFED9FD-DDFF-42B3-842D-56DD0D247246}"
EndProject
Global
	GlobalSection(SolutionConfigurationPlatforms) = preSolution
		Debug|Any CPU = Debug|Any CPU
		Release|Any CPU = Release|Any CPU
	EndGlobalSection
	GlobalSection(ProjectConfigurationPlatforms) = postSolution
		{BB56139B-9FF5-4028-8AEE-7BD0F94427EB}.Debug|Any CPU.ActiveCfg = Debug|Any CPU
		{BB56139B-9FF5-4028-8AEE-7BD0F94427EB}.Debug|Any CPU.Build.0 = Debug|Any CPU
		{BB56139B-9FF5-4028-8AEE-7BD0F94427EB}.Release|Any CPU.ActiveCfg = Release|Any CPU
		{BB56139B-9FF5-4028-8AEE-7BD0F94427EB}.Release|Any CPU.Build.0 = Release|Any CPU
		{AB1CB247-E20B-4CBE-B269-570ADDD96C53}.Debug|Any CPU.ActiveCfg = Debug|Any CPU
		{AB1CB247-E20B-4CBE-B269-570ADDD96C53}.Debug|Any CPU.Build.0 = Debug|Any CPU
		{AB1CB247-E20B-4CBE-B269-570ADDD96C53}.Release|Any CPU.ActiveCfg = Release|Any CPU
		{AB1CB247-E20B-4CBE-B269-570ADDD96C53}.Release|Any CPU.Build.0 = Release|Any CPU
		{9A7E4073-14C7-48BB-BE9E-D4F840FE57E8}.Debug|Any CPU.ActiveCfg = Debug|Any CPU
		{9A7E4073-14C7-48BB-BE9E-D4F840FE57E8}.Debug|Any CPU.Build.0 = Debug|Any CPU
		{9A7E4073-14C7-48BB-BE9E-D4F840FE57E8}.Release|Any CPU.ActiveCfg = Release|Any CPU
		{9A7E4073-14C7-48BB-BE9E-D4F840FE57E8}.Release|Any CPU.Build.0 = Release|Any CPU
	EndGlobalSection
	GlobalSection(SolutionProperties) = preSolution
		HideSolutionNode = FALSE
	EndGlobalSection
	GlobalSection(ExtensibilityGlobals) = postSolution
		SolutionGuid = {C38596E1-A895-4D4B-A25B-BA547847A514}
	EndGlobalSection
EndGlobal
